PODS:
  - FGRoute (1.0.0)
  - Reachability (3.2)

DEPENDENCIES:
  - FGRoute (from `../`)
  - Reachability

EXTERNAL SOURCES:
  FGRoute:
    :path: "../"

SPEC CHECKSUMS:
  FGRoute: c57e30453f5844564d473216044c8b90d56d2209
  Reachability: 33e18b67625424e47b6cde6d202dce689ad7af96

PODFILE CHECKSUM: 0325648794ddb2421c391e66148b1dab116e40b8

COCOAPODS: 1.2.1
